// !$*UTF8*$!
{
	archiveVersion = 1;
	classes = {
	};
	objectVersion = 46;
	objects = {

/* Begin PBXBuildFile section */
		A51EE4EB3E1D4399BB0C3F2E /* libPods-Zik Controller.a in Frameworks */ = {isa = PBXBuildFile; fileRef = E1F843DA8907426E9F5BC25B /* libPods-Zik Controller.a */; };
		BB008C3319C63A010079CFB7 /* ServiceManagement.framework in Frameworks */ = {isa = PBXBuildFile; fileRef = BB008C3219C63A010079CFB7 /* ServiceManagement.framework */; };
		BB008C3619C640CA0079CFB7 /* StartAtLoginController.m in Sources */ = {isa = PBXBuildFile; fileRef = BB008C3519C640CA0079CFB7 /* StartAtLoginController.m */; };
		BB17D6A119C6686F0039AC85 /* HelperApp.app in Copy Helper App */ = {isa = PBXBuildFile; fileRef = BB17D69D19C667FC0039AC85 /* HelperApp.app */; settings = {ATTRIBUTES = (RemoveHeadersOnCopy, ); }; };
		BB9280F519C4E20000FAED16 /* ARZikInterface.m in Sources */ = {isa = PBXBuildFile; fileRef = BB9280F419C4E20000FAED16 /* ARZikInterface.m */; };
		BB9280F819C507FB00FAED16 /* ZikApi.m in Sources */ = {isa = PBXBuildFile; fileRef = BB9280F719C507FB00FAED16 /* ZikApi.m */; };
		BBB648E019C4D1DB006A8D5B /* main.m in Sources */ = {isa = PBXBuildFile; fileRef = BBB648DF19C4D1DB006A8D5B /* main.m */; };
		BBB648E619C4D1DB006A8D5B /* ARAppDelegate.m in Sources */ = {isa = PBXBuildFile; fileRef = BBB648E519C4D1DB006A8D5B /* ARAppDelegate.m */; };
		BBB648E819C4D1DB006A8D5B /* Images.xcassets in Resources */ = {isa = PBXBuildFile; fileRef = BBB648E719C4D1DB006A8D5B /* Images.xcassets */; };
		BBB648EB19C4D1DB006A8D5B /* Main.storyboard in Resources */ = {isa = PBXBuildFile; fileRef = BBB648E919C4D1DB006A8D5B /* Main.storyboard */; };
		BBB648F719C4D1DB006A8D5B /* Zik_ControllerTests.m in Sources */ = {isa = PBXBuildFile; fileRef = BBB648F619C4D1DB006A8D5B /* Zik_ControllerTests.m */; };
/* End PBXBuildFile section */

/* Begin PBXContainerItemProxy section */
		BB17D69C19C667FC0039AC85 /* PBXContainerItemProxy */ = {
			isa = PBXContainerItemProxy;
			containerPortal = BB17D69719C667FB0039AC85 /* HelperApp.xcodeproj */;
			proxyType = 2;
			remoteGlobalIDString = BB17D67419C667FB0039AC85;
			remoteInfo = HelperApp;
		};
		BB17D69E19C667FC0039AC85 /* PBXContainerItemProxy */ = {
			isa = PBXContainerItemProxy;
			containerPortal = BB17D69719C667FB0039AC85 /* HelperApp.xcodeproj */;
			proxyType = 2;
			remoteGlobalIDString = BB17D68719C667FB0039AC85;
			remoteInfo = HelperAppTests;
		};
		BBB648F119C4D1DB006A8D5B /* PBXContainerItemProxy */ = {
			isa = PBXContainerItemProxy;
			containerPortal = BBB648D219C4D1DB006A8D5B /* Project object */;
			proxyType = 1;
			remoteGlobalIDString = BBB648D919C4D1DB006A8D5B;
			remoteInfo = "Zik Controller";
		};
/* End PBXContainerItemProxy section */

/* Begin PBXCopyFilesBuildPhase section */
		BB008C6C19C64E660079CFB7 /* Copy Helper App */ = {
			isa = PBXCopyFilesBuildPhase;
			buildActionMask = 2147483647;
			dstPath = Contents/Library/LoginItems;
			dstSubfolderSpec = 1;
			files = (
				BB17D6A119C6686F0039AC85 /* HelperApp.app in Copy Helper App */,
			);
			name = "Copy Helper App";
			runOnlyForDeploymentPostprocessing = 0;
		};
/* End PBXCopyFilesBuildPhase section */

/* Begin PBXFileReference section */
		BB008C3219C63A010079CFB7 /* ServiceManagement.framework */ = {isa = PBXFileReference; lastKnownFileType = wrapper.framework; name = ServiceManagement.framework; path = Platforms/MacOSX.platform/Developer/SDKs/MacOSX10.9.sdk/System/Library/Frameworks/ServiceManagement.framework; sourceTree = DEVELOPER_DIR; };
		BB008C3419C640CA0079CFB7 /* StartAtLoginController.h */ = {isa = PBXFileReference; fileEncoding = 4; lastKnownFileType = sourcecode.c.h; path = StartAtLoginController.h; sourceTree = "<group>"; };
		BB008C3519C640CA0079CFB7 /* StartAtLoginController.m */ = {isa = PBXFileReference; fileEncoding = 4; lastKnownFileType = sourcecode.c.objc; path = StartAtLoginController.m; sourceTree = "<group>"; };
		BB17D69719C667FB0039AC85 /* HelperApp.xcodeproj */ = {isa = PBXFileReference; lastKnownFileType = "wrapper.pb-project"; name = HelperApp.xcodeproj; path = HelperApp/HelperApp.xcodeproj; sourceTree = "<group>"; };
		BB9280F219C4D90E00FAED16 /* Zik Controller.entitlements */ = {isa = PBXFileReference; lastKnownFileType = text.xml; path = "Zik Controller.entitlements"; sourceTree = "<group>"; };
		BB9280F319C4E20000FAED16 /* ARZikInterface.h */ = {isa = PBXFileReference; fileEncoding = 4; lastKnownFileType = sourcecode.c.h; path = ARZikInterface.h; sourceTree = "<group>"; };
		BB9280F419C4E20000FAED16 /* ARZikInterface.m */ = {isa = PBXFileReference; fileEncoding = 4; lastKnownFileType = sourcecode.c.objc; path = ARZikInterface.m; sourceTree = "<group>"; };
		BB9280F619C507FB00FAED16 /* ZikApi.h */ = {isa = PBXFileReference; fileEncoding = 4; lastKnownFileType = sourcecode.c.h; path = ZikApi.h; sourceTree = "<group>"; };
		BB9280F719C507FB00FAED16 /* ZikApi.m */ = {isa = PBXFileReference; fileEncoding = 4; lastKnownFileType = sourcecode.c.objc; path = ZikApi.m; sourceTree = "<group>"; };
		BBB648DA19C4D1DB006A8D5B /* Zik Controller.app */ = {isa = PBXFileReference; explicitFileType = wrapper.application; includeInIndex = 0; path = "Zik Controller.app"; sourceTree = BUILT_PRODUCTS_DIR; };
		BBB648DE19C4D1DB006A8D5B /* Info.plist */ = {isa = PBXFileReference; lastKnownFileType = text.plist.xml; path = Info.plist; sourceTree = "<group>"; };
		BBB648DF19C4D1DB006A8D5B /* main.m */ = {isa = PBXFileReference; lastKnownFileType = sourcecode.c.objc; path = main.m; sourceTree = "<group>"; };
		BBB648E419C4D1DB006A8D5B /* ARAppDelegate.h */ = {isa = PBXFileReference; lastKnownFileType = sourcecode.c.h; path = ARAppDelegate.h; sourceTree = "<group>"; };
		BBB648E519C4D1DB006A8D5B /* ARAppDelegate.m */ = {isa = PBXFileReference; lastKnownFileType = sourcecode.c.objc; path = ARAppDelegate.m; sourceTree = "<group>"; };
		BBB648E719C4D1DB006A8D5B /* Images.xcassets */ = {isa = PBXFileReference; lastKnownFileType = folder.assetcatalog; path = Images.xcassets; sourceTree = "<group>"; };
		BBB648EA19C4D1DB006A8D5B /* Base */ = {isa = PBXFileReference; lastKnownFileType = file.storyboard; name = Base; path = Base.lproj/Main.storyboard; sourceTree = "<group>"; };
		BBB648F019C4D1DB006A8D5B /* Zik ControllerTests.xctest */ = {isa = PBXFileReference; explicitFileType = wrapper.cfbundle; includeInIndex = 0; path = "Zik ControllerTests.xctest"; sourceTree = BUILT_PRODUCTS_DIR; };
		BBB648F519C4D1DB006A8D5B /* Info.plist */ = {isa = PBXFileReference; lastKnownFileType = text.plist.xml; path = Info.plist; sourceTree = "<group>"; };
		BBB648F619C4D1DB006A8D5B /* Zik_ControllerTests.m */ = {isa = PBXFileReference; lastKnownFileType = sourcecode.c.objc; path = Zik_ControllerTests.m; sourceTree = "<group>"; };
		D40BEE06BE744B4FA649EA8F /* Pods-Zik Controller.xcconfig */ = {isa = PBXFileReference; includeInIndex = 1; lastKnownFileType = text.xcconfig; name = "Pods-Zik Controller.xcconfig"; path = "Pods/Pods-Zik Controller.xcconfig"; sourceTree = "<group>"; };
		E1F843DA8907426E9F5BC25B /* libPods-Zik Controller.a */ = {isa = PBXFileReference; explicitFileType = archive.ar; includeInIndex = 0; path = "libPods-Zik Controller.a"; sourceTree = BUILT_PRODUCTS_DIR; };
/* End PBXFileReference section */

/* Begin PBXFrameworksBuildPhase section */
		BBB648D719C4D1DB006A8D5B /* Frameworks */ = {
			isa = PBXFrameworksBuildPhase;
			buildActionMask = 2147483647;
			files = (
				BB008C3319C63A010079CFB7 /* ServiceManagement.framework in Frameworks */,
				A51EE4EB3E1D4399BB0C3F2E /* libPods-Zik Controller.a in Frameworks */,
			);
			runOnlyForDeploymentPostprocessing = 0;
		};
		BBB648ED19C4D1DB006A8D5B /* Frameworks */ = {
			isa = PBXFrameworksBuildPhase;
			buildActionMask = 2147483647;
			files = (
			);
			runOnlyForDeploymentPostprocessing = 0;
		};
/* End PBXFrameworksBuildPhase section */

/* Begin PBXGroup section */
		BB17D69819C667FB0039AC85 /* Products */ = {
			isa = PBXGroup;
			children = (
				BB17D69D19C667FC0039AC85 /* HelperApp.app */,
				BB17D69F19C667FC0039AC85 /* HelperAppTests.xctest */,
			);
			name = Products;
			sourceTree = "<group>";
		};
		BBB648D119C4D1DB006A8D5B = {
			isa = PBXGroup;
			children = (
				BB17D69719C667FB0039AC85 /* HelperApp.xcodeproj */,
				BBB648DC19C4D1DB006A8D5B /* Zik Controller */,
				BBB648F319C4D1DB006A8D5B /* Zik ControllerTests */,
				BBB648DB19C4D1DB006A8D5B /* Products */,
				D40BEE06BE744B4FA649EA8F /* Pods-Zik Controller.xcconfig */,
				F3AA8764922A4E8488B30291 /* Frameworks */,
			);
			sourceTree = "<group>";
		};
		BBB648DB19C4D1DB006A8D5B /* Products */ = {
			isa = PBXGroup;
			children = (
				BBB648DA19C4D1DB006A8D5B /* Zik Controller.app */,
				BBB648F019C4D1DB006A8D5B /* Zik ControllerTests.xctest */,
			);
			name = Products;
			sourceTree = "<group>";
		};
		BBB648DC19C4D1DB006A8D5B /* Zik Controller */ = {
			isa = PBXGroup;
			children = (
				BBB648E419C4D1DB006A8D5B /* ARAppDelegate.h */,
				BBB648E519C4D1DB006A8D5B /* ARAppDelegate.m */,
				BB9280F319C4E20000FAED16 /* ARZikInterface.h */,
				BB9280F419C4E20000FAED16 /* ARZikInterface.m */,
				BBB648E719C4D1DB006A8D5B /* Images.xcassets */,
				BBB648E919C4D1DB006A8D5B /* Main.storyboard */,
				BB008C3419C640CA0079CFB7 /* StartAtLoginController.h */,
				BB008C3519C640CA0079CFB7 /* StartAtLoginController.m */,
				BBB648DD19C4D1DB006A8D5B /* Supporting Files */,
				BB9280F219C4D90E00FAED16 /* Zik Controller.entitlements */,
				BB9280F619C507FB00FAED16 /* ZikApi.h */,
				BB9280F719C507FB00FAED16 /* ZikApi.m */,
			);
			path = "Zik Controller";
			sourceTree = "<group>";
		};
		BBB648DD19C4D1DB006A8D5B /* Supporting Files */ = {
			isa = PBXGroup;
			children = (
				BBB648DE19C4D1DB006A8D5B /* Info.plist */,
				BBB648DF19C4D1DB006A8D5B /* main.m */,
			);
			name = "Supporting Files";
			sourceTree = "<group>";
		};
		BBB648F319C4D1DB006A8D5B /* Zik ControllerTests */ = {
			isa = PBXGroup;
			children = (
				BBB648F619C4D1DB006A8D5B /* Zik_ControllerTests.m */,
				BBB648F419C4D1DB006A8D5B /* Supporting Files */,
			);
			path = "Zik ControllerTests";
			sourceTree = "<group>";
		};
		BBB648F419C4D1DB006A8D5B /* Supporting Files */ = {
			isa = PBXGroup;
			children = (
				BBB648F519C4D1DB006A8D5B /* Info.plist */,
			);
			name = "Supporting Files";
			sourceTree = "<group>";
		};
		F3AA8764922A4E8488B30291 /* Frameworks */ = {
			isa = PBXGroup;
			children = (
				BB008C3219C63A010079CFB7 /* ServiceManagement.framework */,
				E1F843DA8907426E9F5BC25B /* libPods-Zik Controller.a */,
			);
			name = Frameworks;
			sourceTree = "<group>";
		};
/* End PBXGroup section */

/* Begin PBXNativeTarget section */
		BBB648D919C4D1DB006A8D5B /* Zik Controller */ = {
			isa = PBXNativeTarget;
			buildConfigurationList = BBB648FA19C4D1DB006A8D5B /* Build configuration list for PBXNativeTarget "Zik Controller" */;
			buildPhases = (
				C44B41AE1E3049B3959173C5 /* Check Pods Manifest.lock */,
				BBB648D619C4D1DB006A8D5B /* Sources */,
				BBB648D719C4D1DB006A8D5B /* Frameworks */,
				BBB648D819C4D1DB006A8D5B /* Resources */,
				15686CB90D5D4F60B01564D2 /* Copy Pods Resources */,
				BB008C6C19C64E660079CFB7 /* Copy Helper App */,
			);
			buildRules = (
			);
			dependencies = (
			);
			name = "Zik Controller";
			productName = "Zik Controller";
			productReference = BBB648DA19C4D1DB006A8D5B /* Zik Controller.app */;
			productType = "com.apple.product-type.application";
		};
		BBB648EF19C4D1DB006A8D5B /* Zik ControllerTests */ = {
			isa = PBXNativeTarget;
			buildConfigurationList = BBB648FD19C4D1DB006A8D5B /* Build configuration list for PBXNativeTarget "Zik ControllerTests" */;
			buildPhases = (
				BBB648EC19C4D1DB006A8D5B /* Sources */,
				BBB648ED19C4D1DB006A8D5B /* Frameworks */,
				BBB648EE19C4D1DB006A8D5B /* Resources */,
			);
			buildRules = (
			);
			dependencies = (
				BBB648F219C4D1DB006A8D5B /* PBXTargetDependency */,
			);
			name = "Zik ControllerTests";
			productName = "Zik ControllerTests";
			productReference = BBB648F019C4D1DB006A8D5B /* Zik ControllerTests.xctest */;
			productType = "com.apple.product-type.bundle.unit-test";
		};
/* End PBXNativeTarget section */

/* Begin PBXProject section */
		BBB648D219C4D1DB006A8D5B /* Project object */ = {
			isa = PBXProject;
			attributes = {
				CLASSPREFIX = AR;
				LastUpgradeCheck = 0600;
				ORGANIZATIONNAME = "Rui Araújo";
				TargetAttributes = {
					BBB648D919C4D1DB006A8D5B = {
						CreatedOnToolsVersion = 6.0;
						DevelopmentTeam = 2V675NAKZP;
						SystemCapabilities = {
							com.apple.Sandbox = {
								enabled = 1;
							};
						};
					};
					BBB648EF19C4D1DB006A8D5B = {
						CreatedOnToolsVersion = 6.0;
						TestTargetID = BBB648D919C4D1DB006A8D5B;
					};
				};
			};
			buildConfigurationList = BBB648D519C4D1DB006A8D5B /* Build configuration list for PBXProject "Zik Controller" */;
			compatibilityVersion = "Xcode 3.2";
			developmentRegion = English;
			hasScannedForEncodings = 0;
			knownRegions = (
				en,
				Base,
			);
			mainGroup = BBB648D119C4D1DB006A8D5B;
			productRefGroup = BBB648DB19C4D1DB006A8D5B /* Products */;
			projectDirPath = "";
			projectReferences = (
				{
					ProductGroup = BB17D69819C667FB0039AC85 /* Products */;
					ProjectRef = BB17D69719C667FB0039AC85 /* HelperApp.xcodeproj */;
				},
			);
			projectRoot = "";
			targets = (
				BBB648D919C4D1DB006A8D5B /* Zik Controller */,
				BBB648EF19C4D1DB006A8D5B /* Zik ControllerTests */,
			);
		};
/* End PBXProject section */

/* Begin PBXReferenceProxy section */
		BB17D69D19C667FC0039AC85 /* HelperApp.app */ = {
			isa = PBXReferenceProxy;
			fileType = wrapper.application;
			path = HelperApp.app;
			remoteRef = BB17D69C19C667FC0039AC85 /* PBXContainerItemProxy */;
			sourceTree = BUILT_PRODUCTS_DIR;
		};
		BB17D69F19C667FC0039AC85 /* HelperAppTests.xctest */ = {
			isa = PBXReferenceProxy;
			fileType = wrapper.cfbundle;
			path = HelperAppTests.xctest;
			remoteRef = BB17D69E19C667FC0039AC85 /* PBXContainerItemProxy */;
			sourceTree = BUILT_PRODUCTS_DIR;
		};
/* End PBXReferenceProxy section */

/* Begin PBXResourcesBuildPhase section */
		BBB648D819C4D1DB006A8D5B /* Resources */ = {
			isa = PBXResourcesBuildPhase;
			buildActionMask = 2147483647;
			files = (
				BBB648E819C4D1DB006A8D5B /* Images.xcassets in Resources */,
				BBB648EB19C4D1DB006A8D5B /* Main.storyboard in Resources */,
			);
			runOnlyForDeploymentPostprocessing = 0;
		};
		BBB648EE19C4D1DB006A8D5B /* Resources */ = {
			isa = PBXResourcesBuildPhase;
			buildActionMask = 2147483647;
			files = (
			);
			runOnlyForDeploymentPostprocessing = 0;
		};
/* End PBXResourcesBuildPhase section */

/* Begin PBXShellScriptBuildPhase section */
		15686CB90D5D4F60B01564D2 /* Copy Pods Resources */ = {
			isa = PBXShellScriptBuildPhase;
			buildActionMask = 2147483647;
			files = (
			);
			inputPaths = (
			);
			name = "Copy Pods Resources";
			outputPaths = (
			);
			runOnlyForDeploymentPostprocessing = 0;
			shellPath = /bin/sh;
			shellScript = "\"${SRCROOT}/Pods/Pods-Zik Controller-resources.sh\"\n";
			showEnvVarsInLog = 0;
		};
		C44B41AE1E3049B3959173C5 /* Check Pods Manifest.lock */ = {
			isa = PBXShellScriptBuildPhase;
			buildActionMask = 2147483647;
			files = (
			);
			inputPaths = (
			);
			name = "Check Pods Manifest.lock";
			outputPaths = (
			);
			runOnlyForDeploymentPostprocessing = 0;
			shellPath = /bin/sh;
			shellScript = "diff \"${PODS_ROOT}/../Podfile.lock\" \"${PODS_ROOT}/Manifest.lock\" > /dev/null\nif [[ $? != 0 ]] ; then\n    cat << EOM\nerror: The sandbox is not in sync with the Podfile.lock. Run 'pod install' or update your CocoaPods installation.\nEOM\n    exit 1\nfi\n";
			showEnvVarsInLog = 0;
		};
/* End PBXShellScriptBuildPhase section */

/* Begin PBXSourcesBuildPhase section */
		BBB648D619C4D1DB006A8D5B /* Sources */ = {
			isa = PBXSourcesBuildPhase;
			buildActionMask = 2147483647;
			files = (
				BB9280F519C4E20000FAED16 /* ARZikInterface.m in Sources */,
				BBB648E019C4D1DB006A8D5B /* main.m in Sources */,
				BBB648E619C4D1DB006A8D5B /* ARAppDelegate.m in Sources */,
				BB008C3619C640CA0079CFB7 /* StartAtLoginController.m in Sources */,
				BB9280F819C507FB00FAED16 /* ZikApi.m in Sources */,
			);
			runOnlyForDeploymentPostprocessing = 0;
		};
		BBB648EC19C4D1DB006A8D5B /* Sources */ = {
			isa = PBXSourcesBuildPhase;
			buildActionMask = 2147483647;
			files = (
				BBB648F719C4D1DB006A8D5B /* Zik_ControllerTests.m in Sources */,
			);
			runOnlyForDeploymentPostprocessing = 0;
		};
/* End PBXSourcesBuildPhase section */

/* Begin PBXTargetDependency section */
		BBB648F219C4D1DB006A8D5B /* PBXTargetDependency */ = {
			isa = PBXTargetDependency;
			target = BBB648D919C4D1DB006A8D5B /* Zik Controller */;
			targetProxy = BBB648F119C4D1DB006A8D5B /* PBXContainerItemProxy */;
		};
/* End PBXTargetDependency section */

/* Begin PBXVariantGroup section */
		BBB648E919C4D1DB006A8D5B /* Main.storyboard */ = {
			isa = PBXVariantGroup;
			children = (
				BBB648EA19C4D1DB006A8D5B /* Base */,
			);
			name = Main.storyboard;
			sourceTree = "<group>";
		};
/* End PBXVariantGroup section */

/* Begin XCBuildConfiguration section */
		BBB648F819C4D1DB006A8D5B /* Debug */ = {
			isa = XCBuildConfiguration;
			buildSettings = {
				ALWAYS_SEARCH_USER_PATHS = NO;
				CLANG_CXX_LANGUAGE_STANDARD = "gnu++0x";
				CLANG_CXX_LIBRARY = "libc++";
				CLANG_ENABLE_MODULES = YES;
				CLANG_ENABLE_OBJC_ARC = YES;
				CLANG_WARN_BOOL_CONVERSION = YES;
				CLANG_WARN_CONSTANT_CONVERSION = YES;
				CLANG_WARN_DIRECT_OBJC_ISA_USAGE = YES_ERROR;
				CLANG_WARN_EMPTY_BODY = YES;
				CLANG_WARN_ENUM_CONVERSION = YES;
				CLANG_WARN_INT_CONVERSION = YES;
				CLANG_WARN_OBJC_ROOT_CLASS = YES_ERROR;
				CLANG_WARN_UNREACHABLE_CODE = YES;
				CLANG_WARN__DUPLICATE_METHOD_MATCH = YES;
				CODE_SIGN_IDENTITY = "-";
				COPY_PHASE_STRIP = NO;
				ENABLE_STRICT_OBJC_MSGSEND = YES;
				GCC_C_LANGUAGE_STANDARD = gnu99;
				GCC_DYNAMIC_NO_PIC = NO;
				GCC_OPTIMIZATION_LEVEL = 0;
				GCC_PREPROCESSOR_DEFINITIONS = (
					"DEBUG=1",
					"$(inherited)",
				);
				GCC_SYMBOLS_PRIVATE_EXTERN = NO;
				GCC_WARN_64_TO_32_BIT_CONVERSION = YES;
				GCC_WARN_ABOUT_RETURN_TYPE = YES_ERROR;
				GCC_WARN_UNDECLARED_SELECTOR = YES;
				GCC_WARN_UNINITIALIZED_AUTOS = YES_AGGRESSIVE;
				GCC_WARN_UNUSED_FUNCTION = YES;
				GCC_WARN_UNUSED_VARIABLE = YES;
				MACOSX_DEPLOYMENT_TARGET = 10.10;
				MTL_ENABLE_DEBUG_INFO = YES;
				ONLY_ACTIVE_ARCH = YES;
				SDKROOT = macosx;
			};
			name = Debug;
		};
		BBB648F919C4D1DB006A8D5B /* Release */ = {
			isa = XCBuildConfiguration;
			buildSettings = {
				ALWAYS_SEARCH_USER_PATHS = NO;
				CLANG_CXX_LANGUAGE_STANDARD = "gnu++0x";
				CLANG_CXX_LIBRARY = "libc++";
				CLANG_ENABLE_MODULES = YES;
				CLANG_ENABLE_OBJC_ARC = YES;
				CLANG_WARN_BOOL_CONVERSION = YES;
				CLANG_WARN_CONSTANT_CONVERSION = YES;
				CLANG_WARN_DIRECT_OBJC_ISA_USAGE = YES_ERROR;
				CLANG_WARN_EMPTY_BODY = YES;
				CLANG_WARN_ENUM_CONVERSION = YES;
				CLANG_WARN_INT_CONVERSION = YES;
				CLANG_WARN_OBJC_ROOT_CLASS = YES_ERROR;
				CLANG_WARN_UNREACHABLE_CODE = YES;
				CLANG_WARN__DUPLICATE_METHOD_MATCH = YES;
				CODE_SIGN_IDENTITY = "-";
				COPY_PHASE_STRIP = YES;
				DEBUG_INFORMATION_FORMAT = "dwarf-with-dsym";
				ENABLE_NS_ASSERTIONS = NO;
				ENABLE_STRICT_OBJC_MSGSEND = YES;
				GCC_C_LANGUAGE_STANDARD = gnu99;
				GCC_WARN_64_TO_32_BIT_CONVERSION = YES;
				GCC_WARN_ABOUT_RETURN_TYPE = YES_ERROR;
				GCC_WARN_UNDECLARED_SELECTOR = YES;
				GCC_WARN_UNINITIALIZED_AUTOS = YES_AGGRESSIVE;
				GCC_WARN_UNUSED_FUNCTION = YES;
				GCC_WARN_UNUSED_VARIABLE = YES;
				MACOSX_DEPLOYMENT_TARGET = 10.10;
				MTL_ENABLE_DEBUG_INFO = NO;
				SDKROOT = macosx;
			};
			name = Release;
		};
		BBB648FB19C4D1DB006A8D5B /* Debug */ = {
			isa = XCBuildConfiguration;
			baseConfigurationReference = D40BEE06BE744B4FA649EA8F /* Pods-Zik Controller.xcconfig */;
			buildSettings = {
				ASSETCATALOG_COMPILER_APPICON_NAME = AppIcon;
				CODE_SIGN_ENTITLEMENTS = "Zik Controller/Zik Controller.entitlements";
				COMBINE_HIDPI_IMAGES = YES;
				DEBUG_INFORMATION_FORMAT = "dwarf-with-dsym";
				INFOPLIST_FILE = "Zik Controller/Info.plist";
				LD_RUNPATH_SEARCH_PATHS = "$(inherited) @executable_path/../Frameworks";
				MACOSX_DEPLOYMENT_TARGET = 10.9;
				PRODUCT_NAME = "$(TARGET_NAME)";
				SDKROOT = macosx10.9;
			};
			name = Debug;
		};
		BBB648FC19C4D1DB006A8D5B /* Release */ = {
			isa = XCBuildConfiguration;
			baseConfigurationReference = D40BEE06BE744B4FA649EA8F /* Pods-Zik Controller.xcconfig */;
			buildSettings = {
				ASSETCATALOG_COMPILER_APPICON_NAME = AppIcon;
				CODE_SIGN_ENTITLEMENTS = "Zik Controller/Zik Controller.entitlements";
				COMBINE_HIDPI_IMAGES = YES;
				COPY_PHASE_STRIP = NO;
				INFOPLIST_FILE = "Zik Controller/Info.plist";
				LD_RUNPATH_SEARCH_PATHS = "$(inherited) @executable_path/../Frameworks";
				MACOSX_DEPLOYMENT_TARGET = 10.9;
				ONLY_ACTIVE_ARCH = YES;
				PRODUCT_NAME = "$(TARGET_NAME)";
				SDKROOT = macosx10.9;
			};
			name = Release;
		};
		BBB648FE19C4D1DB006A8D5B /* Debug */ = {
			isa = XCBuildConfiguration;
			buildSettings = {
				BUNDLE_LOADER = "$(TEST_HOST)";
				COMBINE_HIDPI_IMAGES = YES;
				FRAMEWORK_SEARCH_PATHS = (
					"$(DEVELOPER_FRAMEWORKS_DIR)",
					"$(inherited)",
				);
				GCC_PREPROCESSOR_DEFINITIONS = (
					"DEBUG=1",
					"$(inherited)",
				);
				INFOPLIST_FILE = "Zik ControllerTests/Info.plist";
				LD_RUNPATH_SEARCH_PATHS = "$(inherited) @executable_path/../Frameworks @loader_path/../Frameworks";
				PRODUCT_NAME = "$(TARGET_NAME)";
				TEST_HOST = "$(BUILT_PRODUCTS_DIR)/Zik Controller.app/Contents/MacOS/Zik Controller";
			};
			name = Debug;
		};
		BBB648FF19C4D1DB006A8D5B /* Release */ = {
			isa = XCBuildConfiguration;
			buildSettings = {
				BUNDLE_LOADER = "$(TEST_HOST)";
				COMBINE_HIDPI_IMAGES = YES;
				FRAMEWORK_SEARCH_PATHS = (
					"$(DEVELOPER_FRAMEWORKS_DIR)",
					"$(inherited)",
				);
				INFOPLIST_FILE = "Zik ControllerTests/Info.plist";
				LD_RUNPATH_SEARCH_PATHS = "$(inherited) @executable_path/../Frameworks @loader_path/../Frameworks";
				PRODUCT_NAME = "$(TARGET_NAME)";
				TEST_HOST = "$(BUILT_PRODUCTS_DIR)/Zik Controller.app/Contents/MacOS/Zik Controller";
			};
			name = Release;
		};
/* End XCBuildConfiguration section */

/* Begin XCConfigurationList section */
		BBB648D519C4D1DB006A8D5B /* Build configuration list for PBXProject "Zik Controller" */ = {
			isa = XCConfigurationList;
			buildConfigurations = (
				BBB648F819C4D1DB006A8D5B /* Debug */,
				BBB648F919C4D1DB006A8D5B /* Release */,
			);
			defaultConfigurationIsVisible = 0;
			defaultConfigurationName = Release;
		};
		BBB648FA19C4D1DB006A8D5B /* Build configuration list for PBXNativeTarget "Zik Controller" */ = {
			isa = XCConfigurationList;
			buildConfigurations = (
				BBB648FB19C4D1DB006A8D5B /* Debug */,
				BBB648FC19C4D1DB006A8D5B /* Release */,
			);
			defaultConfigurationIsVisible = 0;
			defaultConfigurationName = Release;
		};
		BBB648FD19C4D1DB006A8D5B /* Build configuration list for PBXNativeTarget "Zik ControllerTests" */ = {
			isa = XCConfigurationList;
			buildConfigurations = (
				BBB648FE19C4D1DB006A8D5B /* Debug */,
				BBB648FF19C4D1DB006A8D5B /* Release */,
			);
			defaultConfigurationIsVisible = 0;
			defaultConfigurationName = Release;
		};
/* End XCConfigurationList section */
	};
	rootObject = BBB648D219C4D1DB006A8D5B /* Project object */;
}
