// !$*UTF8*$!
{
	archiveVersion = 1;
	classes = {
	};
	objectVersion = 46;
	objects = {

/* Begin PBXBuildFile section */
		BB17D67A19C667FB0039AC85 /* main.m in Sources */ = {isa = PBXBuildFile; fileRef = BB17D67919C667FB0039AC85 /* main.m */; };
		BB17D67D19C667FB0039AC85 /* AppDelegate.m in Sources */ = {isa = PBXBuildFile; fileRef = BB17D67C19C667FB0039AC85 /* AppDelegate.m */; };
		BB17D67F19C667FB0039AC85 /* Images.xcassets in Resources */ = {isa = PBXBuildFile; fileRef = BB17D67E19C667FB0039AC85 /* Images.xcassets */; };
		BB17D68219C667FB0039AC85 /* MainMenu.xib in Resources */ = {isa = PBXBuildFile; fileRef = BB17D68019C667FB0039AC85 /* MainMenu.xib */; };
		BB17D68E19C667FB0039AC85 /* HelperAppTests.m in Sources */ = {isa = PBXBuildFile; fileRef = BB17D68D19C667FB0039AC85 /* HelperAppTests.m */; };
/* End PBXBuildFile section */

/* Begin PBXContainerItemProxy section */
		BB17D68819C667FB0039AC85 /* PBXContainerItemProxy */ = {
			isa = PBXContainerItemProxy;
			containerPortal = BB17D66C19C667FB0039AC85 /* Project object */;
			proxyType = 1;
			remoteGlobalIDString = BB17D67319C667FB0039AC85;
			remoteInfo = HelperApp;
		};
/* End PBXContainerItemProxy section */

/* Begin PBXFileReference section */
		BB17D67419C667FB0039AC85 /* HelperApp.app */ = {isa = PBXFileReference; explicitFileType = wrapper.application; includeInIndex = 0; path = HelperApp.app; sourceTree = BUILT_PRODUCTS_DIR; };
		BB17D67819C667FB0039AC85 /* Info.plist */ = {isa = PBXFileReference; lastKnownFileType = text.plist.xml; path = Info.plist; sourceTree = "<group>"; };
		BB17D67919C667FB0039AC85 /* main.m */ = {isa = PBXFileReference; lastKnownFileType = sourcecode.c.objc; path = main.m; sourceTree = "<group>"; };
		BB17D67B19C667FB0039AC85 /* AppDelegate.h */ = {isa = PBXFileReference; lastKnownFileType = sourcecode.c.h; path = AppDelegate.h; sourceTree = "<group>"; };
		BB17D67C19C667FB0039AC85 /* AppDelegate.m */ = {isa = PBXFileReference; lastKnownFileType = sourcecode.c.objc; path = AppDelegate.m; sourceTree = "<group>"; };
		BB17D67E19C667FB0039AC85 /* Images.xcassets */ = {isa = PBXFileReference; lastKnownFileType = folder.assetcatalog; path = Images.xcassets; sourceTree = "<group>"; };
		BB17D68119C667FB0039AC85 /* Base */ = {isa = PBXFileReference; lastKnownFileType = file.xib; name = Base; path = Base.lproj/MainMenu.xib; sourceTree = "<group>"; };
		BB17D68719C667FB0039AC85 /* HelperAppTests.xctest */ = {isa = PBXFileReference; explicitFileType = wrapper.cfbundle; includeInIndex = 0; path = HelperAppTests.xctest; sourceTree = BUILT_PRODUCTS_DIR; };
		BB17D68C19C667FB0039AC85 /* Info.plist */ = {isa = PBXFileReference; lastKnownFileType = text.plist.xml; path = Info.plist; sourceTree = "<group>"; };
		BB17D68D19C667FB0039AC85 /* HelperAppTests.m */ = {isa = PBXFileReference; lastKnownFileType = sourcecode.c.objc; path = HelperAppTests.m; sourceTree = "<group>"; };
		BB17D6A019C668550039AC85 /* HelperApp.entitlements */ = {isa = PBXFileReference; lastKnownFileType = text.xml; path = HelperApp.entitlements; sourceTree = "<group>"; };
/* End PBXFileReference section */

/* Begin PBXFrameworksBuildPhase section */
		BB17D67119C667FB0039AC85 /* Frameworks */ = {
			isa = PBXFrameworksBuildPhase;
			buildActionMask = 2147483647;
			files = (
			);
			runOnlyForDeploymentPostprocessing = 0;
		};
		BB17D68419C667FB0039AC85 /* Frameworks */ = {
			isa = PBXFrameworksBuildPhase;
			buildActionMask = 2147483647;
			files = (
			);
			runOnlyForDeploymentPostprocessing = 0;
		};
/* End PBXFrameworksBuildPhase section */

/* Begin PBXGroup section */
		BB17D66B19C667FB0039AC85 = {
			isa = PBXGroup;
			children = (
				BB17D67619C667FB0039AC85 /* HelperApp */,
				BB17D68A19C667FB0039AC85 /* HelperAppTests */,
				BB17D67519C667FB0039AC85 /* Products */,
			);
			sourceTree = "<group>";
		};
		BB17D67519C667FB0039AC85 /* Products */ = {
			isa = PBXGroup;
			children = (
				BB17D67419C667FB0039AC85 /* HelperApp.app */,
				BB17D68719C667FB0039AC85 /* HelperAppTests.xctest */,
			);
			name = Products;
			sourceTree = "<group>";
		};
		BB17D67619C667FB0039AC85 /* HelperApp */ = {
			isa = PBXGroup;
			children = (
				BB17D6A019C668550039AC85 /* HelperApp.entitlements */,
				BB17D67B19C667FB0039AC85 /* AppDelegate.h */,
				BB17D67C19C667FB0039AC85 /* AppDelegate.m */,
				BB17D67E19C667FB0039AC85 /* Images.xcassets */,
				BB17D68019C667FB0039AC85 /* MainMenu.xib */,
				BB17D67719C667FB0039AC85 /* Supporting Files */,
			);
			path = HelperApp;
			sourceTree = "<group>";
		};
		BB17D67719C667FB0039AC85 /* Supporting Files */ = {
			isa = PBXGroup;
			children = (
				BB17D67819C667FB0039AC85 /* Info.plist */,
				BB17D67919C667FB0039AC85 /* main.m */,
			);
			name = "Supporting Files";
			sourceTree = "<group>";
		};
		BB17D68A19C667FB0039AC85 /* HelperAppTests */ = {
			isa = PBXGroup;
			children = (
				BB17D68D19C667FB0039AC85 /* HelperAppTests.m */,
				BB17D68B19C667FB0039AC85 /* Supporting Files */,
			);
			path = HelperAppTests;
			sourceTree = "<group>";
		};
		BB17D68B19C667FB0039AC85 /* Supporting Files */ = {
			isa = PBXGroup;
			children = (
				BB17D68C19C667FB0039AC85 /* Info.plist */,
			);
			name = "Supporting Files";
			sourceTree = "<group>";
		};
/* End PBXGroup section */

/* Begin PBXNativeTarget section */
		BB17D67319C667FB0039AC85 /* HelperApp */ = {
			isa = PBXNativeTarget;
			buildConfigurationList = BB17D69119C667FB0039AC85 /* Build configuration list for PBXNativeTarget "HelperApp" */;
			buildPhases = (
				BB17D67019C667FB0039AC85 /* Sources */,
				BB17D67119C667FB0039AC85 /* Frameworks */,
				BB17D67219C667FB0039AC85 /* Resources */,
			);
			buildRules = (
			);
			dependencies = (
			);
			name = HelperApp;
			productName = HelperApp;
			productReference = BB17D67419C667FB0039AC85 /* HelperApp.app */;
			productType = "com.apple.product-type.application";
		};
		BB17D68619C667FB0039AC85 /* HelperAppTests */ = {
			isa = PBXNativeTarget;
			buildConfigurationList = BB17D69419C667FB0039AC85 /* Build configuration list for PBXNativeTarget "HelperAppTests" */;
			buildPhases = (
				BB17D68319C667FB0039AC85 /* Sources */,
				BB17D68419C667FB0039AC85 /* Frameworks */,
				BB17D68519C667FB0039AC85 /* Resources */,
			);
			buildRules = (
			);
			dependencies = (
				BB17D68919C667FB0039AC85 /* PBXTargetDependency */,
			);
			name = HelperAppTests;
			productName = HelperAppTests;
			productReference = BB17D68719C667FB0039AC85 /* HelperAppTests.xctest */;
			productType = "com.apple.product-type.bundle.unit-test";
		};
/* End PBXNativeTarget section */

/* Begin PBXProject section */
		BB17D66C19C667FB0039AC85 /* Project object */ = {
			isa = PBXProject;
			attributes = {
				LastUpgradeCheck = 0600;
				ORGANIZATIONNAME = "Rui Araújo";
				TargetAttributes = {
					BB17D67319C667FB0039AC85 = {
						CreatedOnToolsVersion = 6.0;
						DevelopmentTeam = 2V675NAKZP;
						SystemCapabilities = {
							com.apple.Sandbox = {
								enabled = 1;
							};
						};
					};
					BB17D68619C667FB0039AC85 = {
						CreatedOnToolsVersion = 6.0;
						TestTargetID = BB17D67319C667FB0039AC85;
					};
				};
			};
			buildConfigurationList = BB17D66F19C667FB0039AC85 /* Build configuration list for PBXProject "HelperApp" */;
			compatibilityVersion = "Xcode 3.2";
			developmentRegion = English;
			hasScannedForEncodings = 0;
			knownRegions = (
				en,
				Base,
			);
			mainGroup = BB17D66B19C667FB0039AC85;
			productRefGroup = BB17D67519C667FB0039AC85 /* Products */;
			projectDirPath = "";
			projectRoot = "";
			targets = (
				BB17D67319C667FB0039AC85 /* HelperApp */,
				BB17D68619C667FB0039AC85 /* HelperAppTests */,
			);
		};
/* End PBXProject section */

/* Begin PBXResourcesBuildPhase section */
		BB17D67219C667FB0039AC85 /* Resources */ = {
			isa = PBXResourcesBuildPhase;
			buildActionMask = 2147483647;
			files = (
				BB17D67F19C667FB0039AC85 /* Images.xcassets in Resources */,
				BB17D68219C667FB0039AC85 /* MainMenu.xib in Resources */,
			);
			runOnlyForDeploymentPostprocessing = 0;
		};
		BB17D68519C667FB0039AC85 /* Resources */ = {
			isa = PBXResourcesBuildPhase;
			buildActionMask = 2147483647;
			files = (
			);
			runOnlyForDeploymentPostprocessing = 0;
		};
/* End PBXResourcesBuildPhase section */

/* Begin PBXSourcesBuildPhase section */
		BB17D67019C667FB0039AC85 /* Sources */ = {
			isa = PBXSourcesBuildPhase;
			buildActionMask = 2147483647;
			files = (
				BB17D67D19C667FB0039AC85 /* AppDelegate.m in Sources */,
				BB17D67A19C667FB0039AC85 /* main.m in Sources */,
			);
			runOnlyForDeploymentPostprocessing = 0;
		};
		BB17D68319C667FB0039AC85 /* Sources */ = {
			isa = PBXSourcesBuildPhase;
			buildActionMask = 2147483647;
			files = (
				BB17D68E19C667FB0039AC85 /* HelperAppTests.m in Sources */,
			);
			runOnlyForDeploymentPostprocessing = 0;
		};
/* End PBXSourcesBuildPhase section */

/* Begin PBXTargetDependency section */
		BB17D68919C667FB0039AC85 /* PBXTargetDependency */ = {
			isa = PBXTargetDependency;
			target = BB17D67319C667FB0039AC85 /* HelperApp */;
			targetProxy = BB17D68819C667FB0039AC85 /* PBXContainerItemProxy */;
		};
/* End PBXTargetDependency section */

/* Begin PBXVariantGroup section */
		BB17D68019C667FB0039AC85 /* MainMenu.xib */ = {
			isa = PBXVariantGroup;
			children = (
				BB17D68119C667FB0039AC85 /* Base */,
			);
			name = MainMenu.xib;
			sourceTree = "<group>";
		};
/* End PBXVariantGroup section */

/* Begin XCBuildConfiguration section */
		BB17D68F19C667FB0039AC85 /* Debug */ = {
			isa = XCBuildConfiguration;
			buildSettings = {
				ALWAYS_SEARCH_USER_PATHS = NO;
				CLANG_CXX_LANGUAGE_STANDARD = "gnu++0x";
				CLANG_CXX_LIBRARY = "libc++";
				CLANG_ENABLE_MODULES = YES;
				CLANG_ENABLE_OBJC_ARC = YES;
				CLANG_WARN_BOOL_CONVERSION = YES;
				CLANG_WARN_CONSTANT_CONVERSION = YES;
				CLANG_WARN_DIRECT_OBJC_ISA_USAGE = YES_ERROR;
				CLANG_WARN_EMPTY_BODY = YES;
				CLANG_WARN_ENUM_CONVERSION = YES;
				CLANG_WARN_INT_CONVERSION = YES;
				CLANG_WARN_OBJC_ROOT_CLASS = YES_ERROR;
				CLANG_WARN_UNREACHABLE_CODE = YES;
				CLANG_WARN__DUPLICATE_METHOD_MATCH = YES;
				CODE_SIGN_IDENTITY = "-";
				COPY_PHASE_STRIP = NO;
				ENABLE_STRICT_OBJC_MSGSEND = YES;
				GCC_C_LANGUAGE_STANDARD = gnu99;
				GCC_DYNAMIC_NO_PIC = NO;
				GCC_OPTIMIZATION_LEVEL = 0;
				GCC_PREPROCESSOR_DEFINITIONS = (
					"DEBUG=1",
					"$(inherited)",
				);
				GCC_SYMBOLS_PRIVATE_EXTERN = NO;
				GCC_WARN_64_TO_32_BIT_CONVERSION = YES;
				GCC_WARN_ABOUT_RETURN_TYPE = YES_ERROR;
				GCC_WARN_UNDECLARED_SELECTOR = YES;
				GCC_WARN_UNINITIALIZED_AUTOS = YES_AGGRESSIVE;
				GCC_WARN_UNUSED_FUNCTION = YES;
				GCC_WARN_UNUSED_VARIABLE = YES;
				MACOSX_DEPLOYMENT_TARGET = 10.10;
				MTL_ENABLE_DEBUG_INFO = YES;
				ONLY_ACTIVE_ARCH = YES;
				SDKROOT = macosx;
			};
			name = Debug;
		};
		BB17D69019C667FB0039AC85 /* Release */ = {
			isa = XCBuildConfiguration;
			buildSettings = {
				ALWAYS_SEARCH_USER_PATHS = NO;
				CLANG_CXX_LANGUAGE_STANDARD = "gnu++0x";
				CLANG_CXX_LIBRARY = "libc++";
				CLANG_ENABLE_MODULES = YES;
				CLANG_ENABLE_OBJC_ARC = YES;
				CLANG_WARN_BOOL_CONVERSION = YES;
				CLANG_WARN_CONSTANT_CONVERSION = YES;
				CLANG_WARN_DIRECT_OBJC_ISA_USAGE = YES_ERROR;
				CLANG_WARN_EMPTY_BODY = YES;
				CLANG_WARN_ENUM_CONVERSION = YES;
				CLANG_WARN_INT_CONVERSION = YES;
				CLANG_WARN_OBJC_ROOT_CLASS = YES_ERROR;
				CLANG_WARN_UNREACHABLE_CODE = YES;
				CLANG_WARN__DUPLICATE_METHOD_MATCH = YES;
				CODE_SIGN_IDENTITY = "-";
				COPY_PHASE_STRIP = YES;
				DEBUG_INFORMATION_FORMAT = "dwarf-with-dsym";
				ENABLE_NS_ASSERTIONS = NO;
				ENABLE_STRICT_OBJC_MSGSEND = YES;
				GCC_C_LANGUAGE_STANDARD = gnu99;
				GCC_WARN_64_TO_32_BIT_CONVERSION = YES;
				GCC_WARN_ABOUT_RETURN_TYPE = YES_ERROR;
				GCC_WARN_UNDECLARED_SELECTOR = YES;
				GCC_WARN_UNINITIALIZED_AUTOS = YES_AGGRESSIVE;
				GCC_WARN_UNUSED_FUNCTION = YES;
				GCC_WARN_UNUSED_VARIABLE = YES;
				MACOSX_DEPLOYMENT_TARGET = 10.10;
				MTL_ENABLE_DEBUG_INFO = NO;
				SDKROOT = macosx;
			};
			name = Release;
		};
		BB17D69219C667FB0039AC85 /* Debug */ = {
			isa = XCBuildConfiguration;
			buildSettings = {
				ASSETCATALOG_COMPILER_APPICON_NAME = AppIcon;
				CODE_SIGN_ENTITLEMENTS = HelperApp/HelperApp.entitlements;
				CODE_SIGN_IDENTITY = "Developer ID Application";
				COMBINE_HIDPI_IMAGES = YES;
				INFOPLIST_FILE = HelperApp/Info.plist;
				LD_RUNPATH_SEARCH_PATHS = "$(inherited) @executable_path/../Frameworks";
				PRODUCT_NAME = "$(TARGET_NAME)";
				SKIP_INSTALL = YES;
			};
			name = Debug;
		};
		BB17D69319C667FB0039AC85 /* Release */ = {
			isa = XCBuildConfiguration;
			buildSettings = {
				ASSETCATALOG_COMPILER_APPICON_NAME = AppIcon;
				CODE_SIGN_ENTITLEMENTS = HelperApp/HelperApp.entitlements;
				CODE_SIGN_IDENTITY = "Developer ID Application";
				COMBINE_HIDPI_IMAGES = YES;
				INFOPLIST_FILE = HelperApp/Info.plist;
				LD_RUNPATH_SEARCH_PATHS = "$(inherited) @executable_path/../Frameworks";
				PRODUCT_NAME = "$(TARGET_NAME)";
				SKIP_INSTALL = YES;
			};
			name = Release;
		};
		BB17D69519C667FB0039AC85 /* Debug */ = {
			isa = XCBuildConfiguration;
			buildSettings = {
				BUNDLE_LOADER = "$(TEST_HOST)";
				COMBINE_HIDPI_IMAGES = YES;
				FRAMEWORK_SEARCH_PATHS = (
					"$(DEVELOPER_FRAMEWORKS_DIR)",
					"$(inherited)",
				);
				GCC_PREPROCESSOR_DEFINITIONS = (
					"DEBUG=1",
					"$(inherited)",
				);
				INFOPLIST_FILE = HelperAppTests/Info.plist;
				LD_RUNPATH_SEARCH_PATHS = "$(inherited) @executable_path/../Frameworks @loader_path/../Frameworks";
				PRODUCT_NAME = "$(TARGET_NAME)";
				TEST_HOST = "$(BUILT_PRODUCTS_DIR)/HelperApp.app/Contents/MacOS/HelperApp";
			};
			name = Debug;
		};
		BB17D69619C667FB0039AC85 /* Release */ = {
			isa = XCBuildConfiguration;
			buildSettings = {
				BUNDLE_LOADER = "$(TEST_HOST)";
				COMBINE_HIDPI_IMAGES = YES;
				FRAMEWORK_SEARCH_PATHS = (
					"$(DEVELOPER_FRAMEWORKS_DIR)",
					"$(inherited)",
				);
				INFOPLIST_FILE = HelperAppTests/Info.plist;
				LD_RUNPATH_SEARCH_PATHS = "$(inherited) @executable_path/../Frameworks @loader_path/../Frameworks";
				PRODUCT_NAME = "$(TARGET_NAME)";
				TEST_HOST = "$(BUILT_PRODUCTS_DIR)/HelperApp.app/Contents/MacOS/HelperApp";
			};
			name = Release;
		};
/* End XCBuildConfiguration section */

/* Begin XCConfigurationList section */
		BB17D66F19C667FB0039AC85 /* Build configuration list for PBXProject "HelperApp" */ = {
			isa = XCConfigurationList;
			buildConfigurations = (
				BB17D68F19C667FB0039AC85 /* Debug */,
				BB17D69019C667FB0039AC85 /* Release */,
			);
			defaultConfigurationIsVisible = 0;
			defaultConfigurationName = Release;
		};
		BB17D69119C667FB0039AC85 /* Build configuration list for PBXNativeTarget "HelperApp" */ = {
			isa = XCConfigurationList;
			buildConfigurations = (
				BB17D69219C667FB0039AC85 /* Debug */,
				BB17D69319C667FB0039AC85 /* Release */,
			);
			defaultConfigurationIsVisible = 0;
			defaultConfigurationName = Release;
		};
		BB17D69419C667FB0039AC85 /* Build configuration list for PBXNativeTarget "HelperAppTests" */ = {
			isa = XCConfigurationList;
			buildConfigurations = (
				BB17D69519C667FB0039AC85 /* Debug */,
				BB17D69619C667FB0039AC85 /* Release */,
			);
			defaultConfigurationIsVisible = 0;
			defaultConfigurationName = Release;
		};
/* End XCConfigurationList section */
	};
	rootObject = BB17D66C19C667FB0039AC85 /* Project object */;
}
